
Microsoft Visual Studio Solution File, Format Version 12.00
# Visual Studio Version 16
VisualStudioVersion = 16.0.28803.452
MinimumVisualStudioVersion = 10.0.40219.1
Project("{9A19103F-16F7-4668-BE54-9A1E7A4F7556}") = "Attributes", "Attributes\Attributes.csproj", "{8A417CC4-C8AA-4D07-9B18-5AE2C78878F3}"
EndProject
Project("{9A19103F-16F7-4668-BE54-9A1E7A4F7556}") = "Types", "Types\Types.csproj", "{D40A763E-221A-40CF-B3ED-B33523B94C12}"
EndProject
Project("{9A19103F-16F7-4668-BE54-9A1E7A4F7556}") = "CodeDomObject", "CodeDomObject\CodeDomObject.csproj", "{DC1BA86E-2293-46E3-87F0-9DF96BCD6CF2}"
EndProject
Project("{9A19103F-16F7-4668-BE54-9A1E7A4F7556}") = "LambdaExpressionTree", "LambdaExpressionTree\LambdaExpressionTree.csproj", "{6D5139E2-CDCE-4D1D-A798-1FC07DC63DC9}"
EndProject
Project("{9A19103F-16F7-4668-BE54-9A1E7A4F7556}") = "AssemblyObject", "AssemblyObject\AssemblyObject.csproj", "{EA391567-6C17-4848-B1A5-1EDE58D9AC62}"
EndProject
Project("{9A19103F-16F7-4668-BE54-9A1E7A4F7556}") = "PropertyInfo", "PropertyInfo\PropertyInfo.csproj", "{989B23CB-78CA-41A0-8B6B-2981CFFEE691}"
EndProject
Project("{FAE04EC0-301F-11D3-BF4B-00C04F79EFBC}") = "MethodInfo", "MethodInfo\MethodInfo.csproj", "{1577A155-41BC-4029-8049-54595A1B4921}"
EndProject
Global
	GlobalSection(SolutionConfigurationPlatforms) = preSolution
		Debug|Any CPU = Debug|Any CPU
		Release|Any CPU = Release|Any CPU
	EndGlobalSection
	GlobalSection(ProjectConfigurationPlatforms) = postSolution
		{8A417CC4-C8AA-4D07-9B18-5AE2C78878F3}.Debug|Any CPU.ActiveCfg = Debug|Any CPU
		{8A417CC4-C8AA-4D07-9B18-5AE2C78878F3}.Debug|Any CPU.Build.0 = Debug|Any CPU
		{8A417CC4-C8AA-4D07-9B18-5AE2C78878F3}.Release|Any CPU.ActiveCfg = Release|Any CPU
		{8A417CC4-C8AA-4D07-9B18-5AE2C78878F3}.Release|Any CPU.Build.0 = Release|Any CPU
		{D40A763E-221A-40CF-B3ED-B33523B94C12}.Debug|Any CPU.ActiveCfg = Debug|Any CPU
		{D40A763E-221A-40CF-B3ED-B33523B94C12}.Debug|Any CPU.Build.0 = Debug|Any CPU
		{D40A763E-221A-40CF-B3ED-B33523B94C12}.Release|Any CPU.ActiveCfg = Release|Any CPU
		{D40A763E-221A-40CF-B3ED-B33523B94C12}.Release|Any CPU.Build.0 = Release|Any CPU
		{DC1BA86E-2293-46E3-87F0-9DF96BCD6CF2}.Debug|Any CPU.ActiveCfg = Debug|Any CPU
		{DC1BA86E-2293-46E3-87F0-9DF96BCD6CF2}.Debug|Any CPU.Build.0 = Debug|Any CPU
		{DC1BA86E-2293-46E3-87F0-9DF96BCD6CF2}.Release|Any CPU.ActiveCfg = Release|Any CPU
		{DC1BA86E-2293-46E3-87F0-9DF96BCD6CF2}.Release|Any CPU.Build.0 = Release|Any CPU
		{6D5139E2-CDCE-4D1D-A798-1FC07DC63DC9}.Debug|Any CPU.ActiveCfg = Debug|Any CPU
		{6D5139E2-CDCE-4D1D-A798-1FC07DC63DC9}.Debug|Any CPU.Build.0 = Debug|Any CPU
		{6D5139E2-CDCE-4D1D-A798-1FC07DC63DC9}.Release|Any CPU.ActiveCfg = Release|Any CPU
		{6D5139E2-CDCE-4D1D-A798-1FC07DC63DC9}.Release|Any CPU.Build.0 = Release|Any CPU
		{EA391567-6C17-4848-B1A5-1EDE58D9AC62}.Debug|Any CPU.ActiveCfg = Debug|Any CPU
		{EA391567-6C17-4848-B1A5-1EDE58D9AC62}.Debug|Any CPU.Build.0 = Debug|Any CPU
		{EA391567-6C17-4848-B1A5-1EDE58D9AC62}.Release|Any CPU.ActiveCfg = Release|Any CPU
		{EA391567-6C17-4848-B1A5-1EDE58D9AC62}.Release|Any CPU.Build.0 = Release|Any CPU
		{989B23CB-78CA-41A0-8B6B-2981CFFEE691}.Debug|Any CPU.ActiveCfg = Debug|Any CPU
		{989B23CB-78CA-41A0-8B6B-2981CFFEE691}.Debug|Any CPU.Build.0 = Debug|Any CPU
		{989B23CB-78CA-41A0-8B6B-2981CFFEE691}.Release|Any CPU.ActiveCfg = Release|Any CPU
		{989B23CB-78CA-41A0-8B6B-2981CFFEE691}.Release|Any CPU.Build.0 = Release|Any CPU
		{1577A155-41BC-4029-8049-54595A1B4921}.Debug|Any CPU.ActiveCfg = Debug|Any CPU
		{1577A155-41BC-4029-8049-54595A1B4921}.Debug|Any CPU.Build.0 = Debug|Any CPU
		{1577A155-41BC-4029-8049-54595A1B4921}.Release|Any CPU.ActiveCfg = Release|Any CPU
		{1577A155-41BC-4029-8049-54595A1B4921}.Release|Any CPU.Build.0 = Release|Any CPU
	EndGlobalSection
	GlobalSection(SolutionProperties) = preSolution
		HideSolutionNode = FALSE
	EndGlobalSection
	GlobalSection(ExtensibilityGlobals) = postSolution
		SolutionGuid = {708E17BC-C819-42FE-8866-636789927467}
	EndGlobalSection
EndGlobal
